
Microsoft Visual Studio Solution File, Format Version 12.00
# Visual Studio Version 17
VisualStudioVersion = 17.6.33815.320
MinimumVisualStudioVersion = 10.0.40219.1
Project("{9A19103F-16F7-4668-BE54-9A1E7A4F7556}") = "HelloWorldService", "HelloWorldService\HelloWorldService.csproj", "{D6597D7B-A957-4156-9FA9-52853941B34A}"
EndProject
Project("{9A19103F-16F7-4668-BE54-9A1E7A4F7556}") = "HelloWorldLambda", "HelloWorldLambda\HelloWorldLambda.csproj", "{4A2DDB14-7BC4-4C6D-A99C-0D8139B17385}"
EndProject
Project("{9A19103F-16F7-4668-BE54-9A1E7A4F7556}") = "HelloWorldClient", "..\HelloWorldClient\HelloWorldClient.csproj", "{07532ADD-4E13-4933-A6BB-49E23FA0D641}"
EndProject
Project("{9A19103F-16F7-4668-BE54-9A1E7A4F7556}") = "HelloWorldService.Tests", "..\HelloWorldService.Tests\HelloWorldService.Tests.csproj", "{7438F4C5-0877-40D5-AD39-FC96EAB0A6E3}"
EndProject
Project("{9A19103F-16F7-4668-BE54-9A1E7A4F7556}") = "ImgurKittens", "..\ImgurKittens\ImgurKittens.csproj", "{2E08D2D2-BB98-46E2-842B-5C618CC47FA5}"
EndProject
Project("{FAE04EC0-301F-11D3-BF4B-00C04F79EFBC}") = "MinimalCustomerService", "..\MinimalCustomerService\MinimalCustomerService.csproj", "{9BCE8314-2FA6-4BA5-ACA2-933AF5D6548B}"
EndProject
Global
	GlobalSection(SolutionConfigurationPlatforms) = preSolution
		Debug|Any CPU = Debug|Any CPU
		Release|Any CPU = Release|Any CPU
	EndGlobalSection
	GlobalSection(ProjectConfigurationPlatforms) = postSolution
		{D6597D7B-A957-4156-9FA9-52853941B34A}.Debug|Any CPU.ActiveCfg = Debug|Any CPU
		{D6597D7B-A957-4156-9FA9-52853941B34A}.Debug|Any CPU.Build.0 = Debug|Any CPU
		{D6597D7B-A957-4156-9FA9-52853941B34A}.Release|Any CPU.ActiveCfg = Release|Any CPU
		{D6597D7B-A957-4156-9FA9-52853941B34A}.Release|Any CPU.Build.0 = Release|Any CPU
		{4A2DDB14-7BC4-4C6D-A99C-0D8139B17385}.Debug|Any CPU.ActiveCfg = Debug|Any CPU
		{4A2DDB14-7BC4-4C6D-A99C-0D8139B17385}.Debug|Any CPU.Build.0 = Debug|Any CPU
		{4A2DDB14-7BC4-4C6D-A99C-0D8139B17385}.Release|Any CPU.ActiveCfg = Release|Any CPU
		{4A2DDB14-7BC4-4C6D-A99C-0D8139B17385}.Release|Any CPU.Build.0 = Release|Any CPU
		{07532ADD-4E13-4933-A6BB-49E23FA0D641}.Debug|Any CPU.ActiveCfg = Debug|Any CPU
		{07532ADD-4E13-4933-A6BB-49E23FA0D641}.Debug|Any CPU.Build.0 = Debug|Any CPU
		{07532ADD-4E13-4933-A6BB-49E23FA0D641}.Release|Any CPU.ActiveCfg = Release|Any CPU
		{07532ADD-4E13-4933-A6BB-49E23FA0D641}.Release|Any CPU.Build.0 = Release|Any CPU
		{7438F4C5-0877-40D5-AD39-FC96EAB0A6E3}.Debug|Any CPU.ActiveCfg = Debug|Any CPU
		{7438F4C5-0877-40D5-AD39-FC96EAB0A6E3}.Debug|Any CPU.Build.0 = Debug|Any CPU
		{7438F4C5-0877-40D5-AD39-FC96EAB0A6E3}.Release|Any CPU.ActiveCfg = Release|Any CPU
		{7438F4C5-0877-40D5-AD39-FC96EAB0A6E3}.Release|Any CPU.Build.0 = Release|Any CPU
		{2E08D2D2-BB98-46E2-842B-5C618CC47FA5}.Debug|Any CPU.ActiveCfg = Debug|Any CPU
		{2E08D2D2-BB98-46E2-842B-5C618CC47FA5}.Debug|Any CPU.Build.0 = Debug|Any CPU
		{2E08D2D2-BB98-46E2-842B-5C618CC47FA5}.Release|Any CPU.ActiveCfg = Release|Any CPU
		{2E08D2D2-BB98-46E2-842B-5C618CC47FA5}.Release|Any CPU.Build.0 = Release|Any CPU
		{9BCE8314-2FA6-4BA5-ACA2-933AF5D6548B}.Debug|Any CPU.ActiveCfg = Debug|Any CPU
		{9BCE8314-2FA6-4BA5-ACA2-933AF5D6548B}.Debug|Any CPU.Build.0 = Debug|Any CPU
		{9BCE8314-2FA6-4BA5-ACA2-933AF5D6548B}.Release|Any CPU.ActiveCfg = Release|Any CPU
		{9BCE8314-2FA6-4BA5-ACA2-933AF5D6548B}.Release|Any CPU.Build.0 = Release|Any CPU
	EndGlobalSection
	GlobalSection(SolutionProperties) = preSolution
		HideSolutionNode = FALSE
	EndGlobalSection
	GlobalSection(ExtensibilityGlobals) = postSolution
		SolutionGuid = {97A6DBA9-26DD-401F-9EC1-8E0A74347602}
	EndGlobalSection
EndGlobal
